
Microsoft Visual Studio Solution File, Format Version 12.00
# Visual Studio 2017
Project("{FAE04EC0-301F-11D3-BF4B-00C04F79EFBC}") = "Lab13", "Lab13.csproj", "{B1ED5371-D1B8-CB00-C221-AE349CD53E6B}"
EndProject
Project("{FAE04EC0-301F-11D3-BF4B-00C04F79EFBC}") = "Lab13.Editor", "Lab13.Editor.csproj", "{F02D15E0-7837-235C-7CF3-2378835262C5}"
EndProject
Global
	GlobalSection(SolutionConfigurationPlatforms) = preSolution
		Debug|Any CPU = Debug|Any CPU
		Release|Any CPU = Release|Any CPU
	EndGlobalSection
	GlobalSection(ProjectConfigurationPlatforms) = postSolution
		{B1ED5371-D1B8-CB00-C221-AE349CD53E6B}.Debug|Any CPU.ActiveCfg = Debug|Any CPU
		{B1ED5371-D1B8-CB00-C221-AE349CD53E6B}.Debug|Any CPU.Build.0 = Debug|Any CPU
		{B1ED5371-D1B8-CB00-C221-AE349CD53E6B}.Release|Any CPU.ActiveCfg = Release|Any CPU
		{B1ED5371-D1B8-CB00-C221-AE349CD53E6B}.Release|Any CPU.Build.0 = Release|Any CPU
		{F02D15E0-7837-235C-7CF3-2378835262C5}.Debug|Any CPU.ActiveCfg = Debug|Any CPU
		{F02D15E0-7837-235C-7CF3-2378835262C5}.Debug|Any CPU.Build.0 = Debug|Any CPU
		{F02D15E0-7837-235C-7CF3-2378835262C5}.Release|Any CPU.ActiveCfg = Release|Any CPU
		{F02D15E0-7837-235C-7CF3-2378835262C5}.Release|Any CPU.Build.0 = Release|Any CPU
	EndGlobalSection
	GlobalSection(SolutionProperties) = preSolution
		HideSolutionNode = FALSE
	EndGlobalSection
EndGlobal
